
Microsoft Visual Studio Solution File, Format Version 12.00
# Visual Studio Version 17
VisualStudioVersion = 17.4.33213.308
MinimumVisualStudioVersion = 10.0.40219.1
Project("{FAE04EC0-301F-11D3-BF4B-00C04F79EFBC}") = "Odev1", "Odev1.csproj", "{50AEA45F-C126-4392-A0D2-734AA7B4C360}"
EndProject
Global
	GlobalSection(SolutionConfigurationPlatforms) = preSolution
		Debug|Any CPU = Debug|Any CPU
		Release|Any CPU = Release|Any CPU
	EndGlobalSection
	GlobalSection(ProjectConfigurationPlatforms) = postSolution
		{50AEA45F-C126-4392-A0D2-734AA7B4C360}.Debug|Any CPU.ActiveCfg = Debug|Any CPU
		{50AEA45F-C126-4392-A0D2-734AA7B4C360}.Debug|Any CPU.Build.0 = Debug|Any CPU
		{50AEA45F-C126-4392-A0D2-734AA7B4C360}.Release|Any CPU.ActiveCfg = Release|Any CPU
		{50AEA45F-C126-4392-A0D2-734AA7B4C360}.Release|Any CPU.Build.0 = Release|Any CPU
	EndGlobalSection
	GlobalSection(SolutionProperties) = preSolution
		HideSolutionNode = FALSE
	EndGlobalSection
	GlobalSection(ExtensibilityGlobals) = postSolution
		SolutionGuid = {009FB9D7-7471-4CC7-8D18-70896FBE67E7}
	EndGlobalSection
EndGlobal
